
Microsoft Visual Studio Solution File, Format Version 12.00
# Visual Studio Version 17
VisualStudioVersion = 17.0.31903.59
MinimumVisualStudioVersion = 10.0.40219.1
Project("{2150E333-8FDC-42A3-9474-1A3956D46DE8}") = "src", "src", "{145B5AF1-CC43-47EE-A786-3968B3C39C64}"
EndProject
Project("{FAE04EC0-301F-11D3-BF4B-00C04F79EFBC}") = "AuctionService", "src\AuctionService\AuctionService.csproj", "{1A994838-58B4-4C62-87C5-361D9382353C}"
EndProject
Project("{FAE04EC0-301F-11D3-BF4B-00C04F79EFBC}") = "SearchService", "src\SearchService\SearchService.csproj", "{7A872FC7-4DA5-402E-9ED9-F4D4F63265DF}"
EndProject
Project("{FAE04EC0-301F-11D3-BF4B-00C04F79EFBC}") = "Contracts", "src\Contracts\Contracts.csproj", "{D4F08774-1CE0-4C58-BCE0-38C703BD3D9F}"
EndProject
Project("{FAE04EC0-301F-11D3-BF4B-00C04F79EFBC}") = "IdentityService", "src\IdentityService\IdentityService.csproj", "{5A31C312-2B48-4DAD-B19E-87C1CBB9129E}"
EndProject
Project("{FAE04EC0-301F-11D3-BF4B-00C04F79EFBC}") = "GatewayService", "src\GatewayService\GatewayService.csproj", "{84F92574-D341-4D48-BFB2-E0A3EC529ADE}"
EndProject
Project("{FAE04EC0-301F-11D3-BF4B-00C04F79EFBC}") = "BiddingService", "src\BiddingService\BiddingService.csproj", "{6E924559-050A-407F-9618-8CF98AF3098F}"
EndProject
Project("{FAE04EC0-301F-11D3-BF4B-00C04F79EFBC}") = "NotificationService", "src\NotificationService\NotificationService.csproj", "{FAD80086-DBD9-4BDD-9B03-FCDC7C84A926}"
EndProject
Global
	GlobalSection(SolutionConfigurationPlatforms) = preSolution
		Debug|Any CPU = Debug|Any CPU
		Release|Any CPU = Release|Any CPU
	EndGlobalSection
	GlobalSection(SolutionProperties) = preSolution
		HideSolutionNode = FALSE
	EndGlobalSection
	GlobalSection(ProjectConfigurationPlatforms) = postSolution
		{1A994838-58B4-4C62-87C5-361D9382353C}.Debug|Any CPU.ActiveCfg = Debug|Any CPU
		{1A994838-58B4-4C62-87C5-361D9382353C}.Debug|Any CPU.Build.0 = Debug|Any CPU
		{1A994838-58B4-4C62-87C5-361D9382353C}.Release|Any CPU.ActiveCfg = Release|Any CPU
		{1A994838-58B4-4C62-87C5-361D9382353C}.Release|Any CPU.Build.0 = Release|Any CPU
		{7A872FC7-4DA5-402E-9ED9-F4D4F63265DF}.Debug|Any CPU.ActiveCfg = Debug|Any CPU
		{7A872FC7-4DA5-402E-9ED9-F4D4F63265DF}.Debug|Any CPU.Build.0 = Debug|Any CPU
		{7A872FC7-4DA5-402E-9ED9-F4D4F63265DF}.Release|Any CPU.ActiveCfg = Release|Any CPU
		{7A872FC7-4DA5-402E-9ED9-F4D4F63265DF}.Release|Any CPU.Build.0 = Release|Any CPU
		{D4F08774-1CE0-4C58-BCE0-38C703BD3D9F}.Debug|Any CPU.ActiveCfg = Debug|Any CPU
		{D4F08774-1CE0-4C58-BCE0-38C703BD3D9F}.Debug|Any CPU.Build.0 = Debug|Any CPU
		{D4F08774-1CE0-4C58-BCE0-38C703BD3D9F}.Release|Any CPU.ActiveCfg = Release|Any CPU
		{D4F08774-1CE0-4C58-BCE0-38C703BD3D9F}.Release|Any CPU.Build.0 = Release|Any CPU
		{5A31C312-2B48-4DAD-B19E-87C1CBB9129E}.Debug|Any CPU.ActiveCfg = Debug|Any CPU
		{5A31C312-2B48-4DAD-B19E-87C1CBB9129E}.Debug|Any CPU.Build.0 = Debug|Any CPU
		{5A31C312-2B48-4DAD-B19E-87C1CBB9129E}.Release|Any CPU.ActiveCfg = Release|Any CPU
		{5A31C312-2B48-4DAD-B19E-87C1CBB9129E}.Release|Any CPU.Build.0 = Release|Any CPU
		{84F92574-D341-4D48-BFB2-E0A3EC529ADE}.Debug|Any CPU.ActiveCfg = Debug|Any CPU
		{84F92574-D341-4D48-BFB2-E0A3EC529ADE}.Debug|Any CPU.Build.0 = Debug|Any CPU
		{84F92574-D341-4D48-BFB2-E0A3EC529ADE}.Release|Any CPU.ActiveCfg = Release|Any CPU
		{84F92574-D341-4D48-BFB2-E0A3EC529ADE}.Release|Any CPU.Build.0 = Release|Any CPU
		{6E924559-050A-407F-9618-8CF98AF3098F}.Debug|Any CPU.ActiveCfg = Debug|Any CPU
		{6E924559-050A-407F-9618-8CF98AF3098F}.Debug|Any CPU.Build.0 = Debug|Any CPU
		{6E924559-050A-407F-9618-8CF98AF3098F}.Release|Any CPU.ActiveCfg = Release|Any CPU
		{6E924559-050A-407F-9618-8CF98AF3098F}.Release|Any CPU.Build.0 = Release|Any CPU
		{FAD80086-DBD9-4BDD-9B03-FCDC7C84A926}.Debug|Any CPU.ActiveCfg = Debug|Any CPU
		{FAD80086-DBD9-4BDD-9B03-FCDC7C84A926}.Debug|Any CPU.Build.0 = Debug|Any CPU
		{FAD80086-DBD9-4BDD-9B03-FCDC7C84A926}.Release|Any CPU.ActiveCfg = Release|Any CPU
		{FAD80086-DBD9-4BDD-9B03-FCDC7C84A926}.Release|Any CPU.Build.0 = Release|Any CPU
	EndGlobalSection
	GlobalSection(NestedProjects) = preSolution
		{1A994838-58B4-4C62-87C5-361D9382353C} = {145B5AF1-CC43-47EE-A786-3968B3C39C64}
		{7A872FC7-4DA5-402E-9ED9-F4D4F63265DF} = {145B5AF1-CC43-47EE-A786-3968B3C39C64}
		{D4F08774-1CE0-4C58-BCE0-38C703BD3D9F} = {145B5AF1-CC43-47EE-A786-3968B3C39C64}
		{5A31C312-2B48-4DAD-B19E-87C1CBB9129E} = {145B5AF1-CC43-47EE-A786-3968B3C39C64}
		{84F92574-D341-4D48-BFB2-E0A3EC529ADE} = {145B5AF1-CC43-47EE-A786-3968B3C39C64}
		{6E924559-050A-407F-9618-8CF98AF3098F} = {145B5AF1-CC43-47EE-A786-3968B3C39C64}
		{FAD80086-DBD9-4BDD-9B03-FCDC7C84A926} = {145B5AF1-CC43-47EE-A786-3968B3C39C64}
	EndGlobalSection
EndGlobal
